{
  "name": "boys_r_us",
  "requires": true,
  "lockfileVersion": 1,
  "dependencies": {
    "moment": {
      "version": "2.20.1",
      "resolved": "https://registry.npmjs.org/moment/-/moment-2.20.1.tgz",
      "integrity": "sha512-Yh9y73JRljxW5QxN08Fner68eFLxM5ynNOAw2LbIB1YAGeQzZT8QFSUvkAz609Zf+IHhhaUxqZK8dG3W/+HEvg==",
      "optional": true
    },
    "pikaday": {
      "version": "1.7.0",
      "resolved": "https://registry.npmjs.org/pikaday/-/pikaday-1.7.0.tgz",
      "integrity": "sha512-b1z65oFulNTKOdcg9+wTnZWBzfekf1AqPMCmmK9qH6aT7stqDyh76G6nLeuYr3WqchjW/7QLOBFmok14sCecsA==",
      "requires": {
        "moment": "2.20.1"
      }
    }
  }
}
